
Microsoft Visual Studio Solution File, Format Version 12.00
# Visual Studio Version 17
VisualStudioVersion = 17.3.32819.101
MinimumVisualStudioVersion = 10.0.40219.1
Project("{FAE04EC0-301F-11D3-BF4B-00C04F79EFBC}") = "FormLogic", "FormLogic.csproj", "{454BF20B-F19D-481F-B548-ABC1DFED7241}"
EndProject
Global
	GlobalSection(SolutionConfigurationPlatforms) = preSolution
		Debug|Any CPU = Debug|Any CPU
		Release|Any CPU = Release|Any CPU
	EndGlobalSection
	GlobalSection(ProjectConfigurationPlatforms) = postSolution
		{454BF20B-F19D-481F-B548-ABC1DFED7241}.Debug|Any CPU.ActiveCfg = Debug|Any CPU
		{454BF20B-F19D-481F-B548-ABC1DFED7241}.Debug|Any CPU.Build.0 = Debug|Any CPU
		{454BF20B-F19D-481F-B548-ABC1DFED7241}.Release|Any CPU.ActiveCfg = Release|Any CPU
		{454BF20B-F19D-481F-B548-ABC1DFED7241}.Release|Any CPU.Build.0 = Release|Any CPU
	EndGlobalSection
	GlobalSection(SolutionProperties) = preSolution
		HideSolutionNode = FALSE
	EndGlobalSection
	GlobalSection(ExtensibilityGlobals) = postSolution
		SolutionGuid = {E50C40F5-7B62-4921-8F8C-D95DF5B820DE}
	EndGlobalSection
EndGlobal
